
Microsoft Visual Studio Solution File, Format Version 12.00
# Visual Studio Version 16
VisualStudioVersion = 16.0.30907.101
MinimumVisualStudioVersion = 10.0.40219.1
Project("{FAE04EC0-301F-11D3-BF4B-00C04F79EFBC}") = "Auth_Api", "Auth_Api\Auth_Api.csproj", "{ECA7D57E-6EA5-4C05-B651-63B0FE853C94}"
EndProject
Global
	GlobalSection(SolutionConfigurationPlatforms) = preSolution
		Debug|Any CPU = Debug|Any CPU
		Release|Any CPU = Release|Any CPU
	EndGlobalSection
	GlobalSection(ProjectConfigurationPlatforms) = postSolution
		{ECA7D57E-6EA5-4C05-B651-63B0FE853C94}.Debug|Any CPU.ActiveCfg = Debug|Any CPU
		{ECA7D57E-6EA5-4C05-B651-63B0FE853C94}.Debug|Any CPU.Build.0 = Debug|Any CPU
		{ECA7D57E-6EA5-4C05-B651-63B0FE853C94}.Release|Any CPU.ActiveCfg = Release|Any CPU
		{ECA7D57E-6EA5-4C05-B651-63B0FE853C94}.Release|Any CPU.Build.0 = Release|Any CPU
	EndGlobalSection
	GlobalSection(SolutionProperties) = preSolution
		HideSolutionNode = FALSE
	EndGlobalSection
	GlobalSection(ExtensibilityGlobals) = postSolution
		SolutionGuid = {A751BABD-8D5F-40B3-9DBF-B7A67DFDD5E7}
	EndGlobalSection
EndGlobal
